
Microsoft Visual Studio Solution File, Format Version 11.00
# Visual Studio 2010
Project("{FAE04EC0-301F-11D3-BF4B-00C04F79EFBC}") = "DemoAsyncClient", "DemoAsyncClient\DemoAsyncClient.csproj", "{0FA0B4B4-ECD8-469D-9B86-2490E912EC6A}"
EndProject
Global
	GlobalSection(SolutionConfigurationPlatforms) = preSolution
		Debug|x86 = Debug|x86
		Release|x86 = Release|x86
	EndGlobalSection
	GlobalSection(ProjectConfigurationPlatforms) = postSolution
		{0FA0B4B4-ECD8-469D-9B86-2490E912EC6A}.Debug|x86.ActiveCfg = Debug|x86
		{0FA0B4B4-ECD8-469D-9B86-2490E912EC6A}.Debug|x86.Build.0 = Debug|x86
		{0FA0B4B4-ECD8-469D-9B86-2490E912EC6A}.Release|x86.ActiveCfg = Release|x86
		{0FA0B4B4-ECD8-469D-9B86-2490E912EC6A}.Release|x86.Build.0 = Release|x86
	EndGlobalSection
	GlobalSection(SolutionProperties) = preSolution
		HideSolutionNode = FALSE
	EndGlobalSection
EndGlobal
